{
  "name": "6.Tasks",
  "lockfileVersion": 2,
  "requires": true,
  "packages": {
    "": {
      "dependencies": {
        "ramda": "^0.28.0",
        "types": "^0.1.1"
      }
    },
    "node_modules/ramda": {
      "version": "0.28.0",
      "resolved": "https://registry.npmjs.org/ramda/-/ramda-0.28.0.tgz",
      "integrity": "sha512-9QnLuG/kPVgWvMQ4aODhsBUFKOUmnbUnsSXACv+NCQZcHbeb+v8Lodp8OVxtRULN1/xOyYLLaL6npE6dMq5QTA==",
      "funding": {
        "type": "opencollective",
        "url": "https://opencollective.com/ramda"
      }
    },
    "node_modules/types": {
      "version": "0.1.1",
      "resolved": "https://registry.npmjs.org/types/-/types-0.1.1.tgz",
      "integrity": "sha1-hgxoWdETZik/g12Mla68+VApg44=",
      "engines": {
        "node": ">= 0.6.0"
      }
    }
  },
  "dependencies": {
    "ramda": {
      "version": "0.28.0",
      "resolved": "https://registry.npmjs.org/ramda/-/ramda-0.28.0.tgz",
      "integrity": "sha512-9QnLuG/kPVgWvMQ4aODhsBUFKOUmnbUnsSXACv+NCQZcHbeb+v8Lodp8OVxtRULN1/xOyYLLaL6npE6dMq5QTA=="
    },
    "types": {
      "version": "0.1.1",
      "resolved": "https://registry.npmjs.org/types/-/types-0.1.1.tgz",
      "integrity": "sha1-hgxoWdETZik/g12Mla68+VApg44="
    }
  }
}
